
Microsoft Visual Studio Solution File, Format Version 12.00
# Visual Studio Version 17
VisualStudioVersion = 17.6.33829.357
MinimumVisualStudioVersion = 10.0.40219.1
Project("{FAE04EC0-301F-11D3-BF4B-00C04F79EFBC}") = "ADONet6", "ADONet6\ADONet6.csproj", "{1E73C2A8-461F-47C9-8161-0825189D880B}"
EndProject
Project("{FAE04EC0-301F-11D3-BF4B-00C04F79EFBC}") = "LayerDAL", "LayerDAL\LayerDAL.csproj", "{0A5A5860-5015-4652-846C-6C1A04D24555}"
EndProject
Global
	GlobalSection(SolutionConfigurationPlatforms) = preSolution
		Debug|Any CPU = Debug|Any CPU
		Release|Any CPU = Release|Any CPU
	EndGlobalSection
	GlobalSection(ProjectConfigurationPlatforms) = postSolution
		{1E73C2A8-461F-47C9-8161-0825189D880B}.Debug|Any CPU.ActiveCfg = Debug|Any CPU
		{1E73C2A8-461F-47C9-8161-0825189D880B}.Debug|Any CPU.Build.0 = Debug|Any CPU
		{1E73C2A8-461F-47C9-8161-0825189D880B}.Release|Any CPU.ActiveCfg = Release|Any CPU
		{1E73C2A8-461F-47C9-8161-0825189D880B}.Release|Any CPU.Build.0 = Release|Any CPU
		{0A5A5860-5015-4652-846C-6C1A04D24555}.Debug|Any CPU.ActiveCfg = Debug|Any CPU
		{0A5A5860-5015-4652-846C-6C1A04D24555}.Debug|Any CPU.Build.0 = Debug|Any CPU
		{0A5A5860-5015-4652-846C-6C1A04D24555}.Release|Any CPU.ActiveCfg = Release|Any CPU
		{0A5A5860-5015-4652-846C-6C1A04D24555}.Release|Any CPU.Build.0 = Release|Any CPU
	EndGlobalSection
	GlobalSection(SolutionProperties) = preSolution
		HideSolutionNode = FALSE
	EndGlobalSection
	GlobalSection(ExtensibilityGlobals) = postSolution
		SolutionGuid = {C1EA5B9D-133C-44BC-98A9-87E978263952}
	EndGlobalSection
EndGlobal
